
Microsoft Visual Studio Solution File, Format Version 12.00
# Visual Studio Version 17
VisualStudioVersion = 17.5.33530.505
MinimumVisualStudioVersion = 10.0.40219.1
Project("{9A19103F-16F7-4668-BE54-9A1E7A4F7556}") = "ReichertsMeatDistributing.Server", "Server\ReichertsMeatDistributing.Server.csproj", "{F13C403A-08D7-4211-B436-9CB6FBF36F14}"
EndProject
Project("{9A19103F-16F7-4668-BE54-9A1E7A4F7556}") = "ReichertsMeatDistributing.Client", "Client\ReichertsMeatDistributing.Client.csproj", "{199ABDBD-509E-45BA-98B6-50381626B4B4}"
EndProject
Project("{9A19103F-16F7-4668-BE54-9A1E7A4F7556}") = "ReichertsMeatDistributing.Shared", "Shared\ReichertsMeatDistributing.Shared.csproj", "{B3000350-4F5F-41A9-953C-1C71A707BB92}"
EndProject
Global
	GlobalSection(SolutionConfigurationPlatforms) = preSolution
		Debug|Any CPU = Debug|Any CPU
		Release|Any CPU = Release|Any CPU
	EndGlobalSection
	GlobalSection(ProjectConfigurationPlatforms) = postSolution
		{F13C403A-08D7-4211-B436-9CB6FBF36F14}.Debug|Any CPU.ActiveCfg = Debug|Any CPU
		{F13C403A-08D7-4211-B436-9CB6FBF36F14}.Debug|Any CPU.Build.0 = Debug|Any CPU
		{F13C403A-08D7-4211-B436-9CB6FBF36F14}.Release|Any CPU.ActiveCfg = Release|Any CPU
		{F13C403A-08D7-4211-B436-9CB6FBF36F14}.Release|Any CPU.Build.0 = Release|Any CPU
		{199ABDBD-509E-45BA-98B6-50381626B4B4}.Debug|Any CPU.ActiveCfg = Debug|Any CPU
		{199ABDBD-509E-45BA-98B6-50381626B4B4}.Debug|Any CPU.Build.0 = Debug|Any CPU
		{199ABDBD-509E-45BA-98B6-50381626B4B4}.Release|Any CPU.ActiveCfg = Release|Any CPU
		{199ABDBD-509E-45BA-98B6-50381626B4B4}.Release|Any CPU.Build.0 = Release|Any CPU
		{B3000350-4F5F-41A9-953C-1C71A707BB92}.Debug|Any CPU.ActiveCfg = Debug|Any CPU
		{B3000350-4F5F-41A9-953C-1C71A707BB92}.Debug|Any CPU.Build.0 = Debug|Any CPU
		{B3000350-4F5F-41A9-953C-1C71A707BB92}.Release|Any CPU.ActiveCfg = Release|Any CPU
		{B3000350-4F5F-41A9-953C-1C71A707BB92}.Release|Any CPU.Build.0 = Release|Any CPU
	EndGlobalSection
	GlobalSection(SolutionProperties) = preSolution
		HideSolutionNode = FALSE
	EndGlobalSection
	GlobalSection(ExtensibilityGlobals) = postSolution
		SolutionGuid = {DE09493C-4C2B-41B4-A1C7-5BD5B418F481}
	EndGlobalSection
EndGlobal
